{
  "name": "Sorting-Vizualizer",
  "lockfileVersion": 2,
  "requires": true,
  "packages": {
    "": {
      "dependencies": {
        "@types/node": "^18.0.4"
      },
      "devDependencies": {
        "@types/es6-promise": "^3.3.0",
        "typescript": "^4.7.4"
      }
    },
    "node_modules/@types/es6-promise": {
      "version": "3.3.0",
      "resolved": "https://registry.npmjs.org/@types/es6-promise/-/es6-promise-3.3.0.tgz",
      "integrity": "sha512-ixCIAEkLUKv9movnHKCzx2rzAJgEnSALDXPrOSSwOjWwXFs0ssSZKan+O2e3FExPPCbX+DfA9NcKsbvLuyUlNA==",
      "deprecated": "This is a stub types definition for es6-promise (https://github.com/jakearchibald/ES6-Promise). es6-promise provides its own type definitions, so you don't need @types/es6-promise installed!",
      "dev": true,
      "dependencies": {
        "es6-promise": "*"
      }
    },
    "node_modules/@types/node": {
      "version": "18.0.4",
      "resolved": "https://registry.npmjs.org/@types/node/-/node-18.0.4.tgz",
      "integrity": "sha512-M0+G6V0Y4YV8cqzHssZpaNCqvYwlCiulmm0PwpNLF55r/+cT8Ol42CHRU1SEaYFH2rTwiiE1aYg/2g2rrtGdPA=="
    },
    "node_modules/es6-promise": {
      "version": "4.2.8",
      "resolved": "https://registry.npmjs.org/es6-promise/-/es6-promise-4.2.8.tgz",
      "integrity": "sha512-HJDGx5daxeIvxdBxvG2cb9g4tEvwIk3i8+nhX0yGrYmZUzbkdg8QbDevheDB8gd0//uPj4c1EQua8Q+MViT0/w==",
      "dev": true
    },
    "node_modules/typescript": {
      "version": "4.7.4",
      "resolved": "https://registry.npmjs.org/typescript/-/typescript-4.7.4.tgz",
      "integrity": "sha512-C0WQT0gezHuw6AdY1M2jxUO83Rjf0HP7Sk1DtXj6j1EwkQNZrHAg2XPWlq62oqEhYvONq5pkC2Y9oPljWToLmQ==",
      "dev": true,
      "bin": {
        "tsc": "bin/tsc",
        "tsserver": "bin/tsserver"
      },
      "engines": {
        "node": ">=4.2.0"
      }
    }
  },
  "dependencies": {
    "@types/es6-promise": {
      "version": "3.3.0",
      "resolved": "https://registry.npmjs.org/@types/es6-promise/-/es6-promise-3.3.0.tgz",
      "integrity": "sha512-ixCIAEkLUKv9movnHKCzx2rzAJgEnSALDXPrOSSwOjWwXFs0ssSZKan+O2e3FExPPCbX+DfA9NcKsbvLuyUlNA==",
      "dev": true,
      "requires": {
        "es6-promise": "*"
      }
    },
    "@types/node": {
      "version": "18.0.4",
      "resolved": "https://registry.npmjs.org/@types/node/-/node-18.0.4.tgz",
      "integrity": "sha512-M0+G6V0Y4YV8cqzHssZpaNCqvYwlCiulmm0PwpNLF55r/+cT8Ol42CHRU1SEaYFH2rTwiiE1aYg/2g2rrtGdPA=="
    },
    "es6-promise": {
      "version": "4.2.8",
      "resolved": "https://registry.npmjs.org/es6-promise/-/es6-promise-4.2.8.tgz",
      "integrity": "sha512-HJDGx5daxeIvxdBxvG2cb9g4tEvwIk3i8+nhX0yGrYmZUzbkdg8QbDevheDB8gd0//uPj4c1EQua8Q+MViT0/w==",
      "dev": true
    },
    "typescript": {
      "version": "4.7.4",
      "resolved": "https://registry.npmjs.org/typescript/-/typescript-4.7.4.tgz",
      "integrity": "sha512-C0WQT0gezHuw6AdY1M2jxUO83Rjf0HP7Sk1DtXj6j1EwkQNZrHAg2XPWlq62oqEhYvONq5pkC2Y9oPljWToLmQ==",
      "dev": true
    }
  }
}
